// !$*UTF8*$!
{
	archiveVersion = 1;
	classes = {
	};
	objectVersion = 46;
	objects = {

/* Begin PBXBuildFile section */
		695884AD1C249C69008B0709 /* AppDelegate.swift in Sources */ = {isa = PBXBuildFile; fileRef = 695884AC1C249C69008B0709 /* AppDelegate.swift */; };
		695884AF1C249C69008B0709 /* ViewController.swift in Sources */ = {isa = PBXBuildFile; fileRef = 695884AE1C249C69008B0709 /* ViewController.swift */; };
		695884B21C249C69008B0709 /* Main.storyboard in Resources */ = {isa = PBXBuildFile; fileRef = 695884B01C249C69008B0709 /* Main.storyboard */; };
		695884B41C249C69008B0709 /* Assets.xcassets in Resources */ = {isa = PBXBuildFile; fileRef = 695884B31C249C69008B0709 /* Assets.xcassets */; };
		695884B71C249C69008B0709 /* LaunchScreen.storyboard in Resources */ = {isa = PBXBuildFile; fileRef = 695884B51C249C69008B0709 /* LaunchScreen.storyboard */; };
/* End PBXBuildFile section */

/* Begin PBXFileReference section */
		695884A91C249C69008B0709 /* Class Tracker.app */ = {isa = PBXFileReference; explicitFileType = wrapper.application; includeInIndex = 0; path = "Class Tracker.app"; sourceTree = BUILT_PRODUCTS_DIR; };
		695884AC1C249C69008B0709 /* AppDelegate.swift */ = {isa = PBXFileReference; lastKnownFileType = sourcecode.swift; path = AppDelegate.swift; sourceTree = "<group>"; };
		695884AE1C249C69008B0709 /* ViewController.swift */ = {isa = PBXFileReference; lastKnownFileType = sourcecode.swift; path = ViewController.swift; sourceTree = "<group>"; };
		695884B11C249C69008B0709 /* Base */ = {isa = PBXFileReference; lastKnownFileType = file.storyboard; name = Base; path = Base.lproj/Main.storyboard; sourceTree = "<group>"; };
		695884B31C249C69008B0709 /* Assets.xcassets */ = {isa = PBXFileReference; lastKnownFileType = folder.assetcatalog; path = Assets.xcassets; sourceTree = "<group>"; };
		695884B61C249C69008B0709 /* Base */ = {isa = PBXFileReference; lastKnownFileType = file.storyboard; name = Base; path = Base.lproj/LaunchScreen.storyboard; sourceTree = "<group>"; };
		695884B81C249C69008B0709 /* Info.plist */ = {isa = PBXFileReference; lastKnownFileType = text.plist.xml; path = Info.plist; sourceTree = "<group>"; };
/* End PBXFileReference section */

/* Begin PBXFrameworksBuildPhase section */
		695884A61C249C69008B0709 /* Frameworks */ = {
			isa = PBXFrameworksBuildPhase;
			buildActionMask = 2147483647;
			files = (
			);
			runOnlyForDeploymentPostprocessing = 0;
		};
/* End PBXFrameworksBuildPhase section */

/* Begin PBXGroup section */
		695884A01C249C69008B0709 = {
			isa = PBXGroup;
			children = (
				695884AB1C249C69008B0709 /* Class Tracker */,
				695884AA1C249C69008B0709 /* Products */,
			);
			sourceTree = "<group>";
		};
		695884AA1C249C69008B0709 /* Products */ = {
			isa = PBXGroup;
			children = (
				695884A91C249C69008B0709 /* Class Tracker.app */,
			);
			name = Products;
			sourceTree = "<group>";
		};
		695884AB1C249C69008B0709 /* Class Tracker */ = {
			isa = PBXGroup;
			children = (
				695884AC1C249C69008B0709 /* AppDelegate.swift */,
				695884AE1C249C69008B0709 /* ViewController.swift */,
				695884B01C249C69008B0709 /* Main.storyboard */,
				695884B31C249C69008B0709 /* Assets.xcassets */,
				695884B51C249C69008B0709 /* LaunchScreen.storyboard */,
				695884B81C249C69008B0709 /* Info.plist */,
			);
			path = "Class Tracker";
			sourceTree = "<group>";
		};
/* End PBXGroup section */

/* Begin PBXNativeTarget section */
		695884A81C249C69008B0709 /* Class Tracker */ = {
			isa = PBXNativeTarget;
			buildConfigurationList = 695884BB1C249C69008B0709 /* Build configuration list for PBXNativeTarget "Class Tracker" */;
			buildPhases = (
				695884A51C249C69008B0709 /* Sources */,
				695884A61C249C69008B0709 /* Frameworks */,
				695884A71C249C69008B0709 /* Resources */,
			);
			buildRules = (
			);
			dependencies = (
			);
			name = "Class Tracker";
			productName = "Class Tracker";
			productReference = 695884A91C249C69008B0709 /* Class Tracker.app */;
			productType = "com.apple.product-type.application";
		};
/* End PBXNativeTarget section */

/* Begin PBXProject section */
		695884A11C249C69008B0709 /* Project object */ = {
			isa = PBXProject;
			attributes = {
				LastSwiftUpdateCheck = 0720;
				LastUpgradeCheck = 0720;
				ORGANIZATIONNAME = "Trevor Heins";
				TargetAttributes = {
					695884A81C249C69008B0709 = {
						CreatedOnToolsVersion = 7.2;
					};
				};
			};
			buildConfigurationList = 695884A41C249C69008B0709 /* Build configuration list for PBXProject "Class Tracker" */;
			compatibilityVersion = "Xcode 3.2";
			developmentRegion = English;
			hasScannedForEncodings = 0;
			knownRegions = (
				en,
				Base,
			);
			mainGroup = 695884A01C249C69008B0709;
			productRefGroup = 695884AA1C249C69008B0709 /* Products */;
			projectDirPath = "";
			projectRoot = "";
			targets = (
				695884A81C249C69008B0709 /* Class Tracker */,
			);
		};
/* End PBXProject section */

/* Begin PBXResourcesBuildPhase section */
		695884A71C249C69008B0709 /* Resources */ = {
			isa = PBXResourcesBuildPhase;
			buildActionMask = 2147483647;
			files = (
				695884B71C249C69008B0709 /* LaunchScreen.storyboard in Resources */,
				695884B41C249C69008B0709 /* Assets.xcassets in Resources */,
				695884B21C249C69008B0709 /* Main.storyboard in Resources */,
			);
			runOnlyForDeploymentPostprocessing = 0;
		};
/* End PBXResourcesBuildPhase section */

/* Begin PBXSourcesBuildPhase section */
		695884A51C249C69008B0709 /* Sources */ = {
			isa = PBXSourcesBuildPhase;
			buildActionMask = 2147483647;
			files = (
				695884AF1C249C69008B0709 /* ViewController.swift in Sources */,
				695884AD1C249C69008B0709 /* AppDelegate.swift in Sources */,
			);
			runOnlyForDeploymentPostprocessing = 0;
		};
/* End PBXSourcesBuildPhase section */

/* Begin PBXVariantGroup section */
		695884B01C249C69008B0709 /* Main.storyboard */ = {
			isa = PBXVariantGroup;
			children = (
				695884B11C249C69008B0709 /* Base */,
			);
			name = Main.storyboard;
			sourceTree = "<group>";
		};
		695884B51C249C69008B0709 /* LaunchScreen.storyboard */ = {
			isa = PBXVariantGroup;
			children = (
				695884B61C249C69008B0709 /* Base */,
			);
			name = LaunchScreen.storyboard;
			sourceTree = "<group>";
		};
/* End PBXVariantGroup section */

/* Begin XCBuildConfiguration section */
		695884B91C249C69008B0709 /* Debug */ = {
			isa = XCBuildConfiguration;
			buildSettings = {
				ALWAYS_SEARCH_USER_PATHS = NO;
				CLANG_CXX_LANGUAGE_STANDARD = "gnu++0x";
				CLANG_CXX_LIBRARY = "libc++";
				CLANG_ENABLE_MODULES = YES;
				CLANG_ENABLE_OBJC_ARC = YES;
				CLANG_WARN_BOOL_CONVERSION = YES;
				CLANG_WARN_CONSTANT_CONVERSION = YES;
				CLANG_WARN_DIRECT_OBJC_ISA_USAGE = YES_ERROR;
				CLANG_WARN_EMPTY_BODY = YES;
				CLANG_WARN_ENUM_CONVERSION = YES;
				CLANG_WARN_INT_CONVERSION = YES;
				CLANG_WARN_OBJC_ROOT_CLASS = YES_ERROR;
				CLANG_WARN_UNREACHABLE_CODE = YES;
				CLANG_WARN__DUPLICATE_METHOD_MATCH = YES;
				"CODE_SIGN_IDENTITY[sdk=iphoneos*]" = "iPhone Developer";
				COPY_PHASE_STRIP = NO;
				DEBUG_INFORMATION_FORMAT = dwarf;
				ENABLE_STRICT_OBJC_MSGSEND = YES;
				ENABLE_TESTABILITY = YES;
				GCC_C_LANGUAGE_STANDARD = gnu99;
				GCC_DYNAMIC_NO_PIC = NO;
				GCC_NO_COMMON_BLOCKS = YES;
				GCC_OPTIMIZATION_LEVEL = 0;
				GCC_PREPROCESSOR_DEFINITIONS = (
					"DEBUG=1",
					"$(inherited)",
				);
				GCC_WARN_64_TO_32_BIT_CONVERSION = YES;
				GCC_WARN_ABOUT_RETURN_TYPE = YES_ERROR;
				GCC_WARN_UNDECLARED_SELECTOR = YES;
				GCC_WARN_UNINITIALIZED_AUTOS = YES_AGGRESSIVE;
				GCC_WARN_UNUSED_FUNCTION = YES;
				GCC_WARN_UNUSED_VARIABLE = YES;
				IPHONEOS_DEPLOYMENT_TARGET = 9.2;
				MTL_ENABLE_DEBUG_INFO = YES;
				ONLY_ACTIVE_ARCH = YES;
				SDKROOT = iphoneos;
				SWIFT_OPTIMIZATION_LEVEL = "-Onone";
				TARGETED_DEVICE_FAMILY = "1,2";
			};
			name = Debug;
		};
		695884BA1C249C69008B0709 /* Release */ = {
			isa = XCBuildConfiguration;
			buildSettings = {
				ALWAYS_SEARCH_USER_PATHS = NO;
				CLANG_CXX_LANGUAGE_STANDARD = "gnu++0x";
				CLANG_CXX_LIBRARY = "libc++";
				CLANG_ENABLE_MODULES = YES;
				CLANG_ENABLE_OBJC_ARC = YES;
				CLANG_WARN_BOOL_CONVERSION = YES;
				CLANG_WARN_CONSTANT_CONVERSION = YES;
				CLANG_WARN_DIRECT_OBJC_ISA_USAGE = YES_ERROR;
				CLANG_WARN_EMPTY_BODY = YES;
				CLANG_WARN_ENUM_CONVERSION = YES;
				CLANG_WARN_INT_CONVERSION = YES;
				CLANG_WARN_OBJC_ROOT_CLASS = YES_ERROR;
				CLANG_WARN_UNREACHABLE_CODE = YES;
				CLANG_WARN__DUPLICATE_METHOD_MATCH = YES;
				"CODE_SIGN_IDENTITY[sdk=iphoneos*]" = "iPhone Developer";
				COPY_PHASE_STRIP = NO;
				DEBUG_INFORMATION_FORMAT = "dwarf-with-dsym";
				ENABLE_NS_ASSERTIONS = NO;
				ENABLE_STRICT_OBJC_MSGSEND = YES;
				GCC_C_LANGUAGE_STANDARD = gnu99;
				GCC_NO_COMMON_BLOCKS = YES;
				GCC_WARN_64_TO_32_BIT_CONVERSION = YES;
				GCC_WARN_ABOUT_RETURN_TYPE = YES_ERROR;
				GCC_WARN_UNDECLARED_SELECTOR = YES;
				GCC_WARN_UNINITIALIZED_AUTOS = YES_AGGRESSIVE;
				GCC_WARN_UNUSED_FUNCTION = YES;
				GCC_WARN_UNUSED_VARIABLE = YES;
				IPHONEOS_DEPLOYMENT_TARGET = 9.2;
				MTL_ENABLE_DEBUG_INFO = NO;
				SDKROOT = iphoneos;
				TARGETED_DEVICE_FAMILY = "1,2";
				VALIDATE_PRODUCT = YES;
			};
			name = Release;
		};
		695884BC1C249C69008B0709 /* Debug */ = {
			isa = XCBuildConfiguration;
			buildSettings = {
				ASSETCATALOG_COMPILER_APPICON_NAME = AppIcon;
				INFOPLIST_FILE = "Class Tracker/Info.plist";
				LD_RUNPATH_SEARCH_PATHS = "$(inherited) @executable_path/Frameworks";
				PRODUCT_BUNDLE_IDENTIFIER = "com.trevorheins.Class-Tracker";
				PRODUCT_NAME = "$(TARGET_NAME)";
			};
			name = Debug;
		};
		695884BD1C249C69008B0709 /* Release */ = {
			isa = XCBuildConfiguration;
			buildSettings = {
				ASSETCATALOG_COMPILER_APPICON_NAME = AppIcon;
				INFOPLIST_FILE = "Class Tracker/Info.plist";
				LD_RUNPATH_SEARCH_PATHS = "$(inherited) @executable_path/Frameworks";
				PRODUCT_BUNDLE_IDENTIFIER = "com.trevorheins.Class-Tracker";
				PRODUCT_NAME = "$(TARGET_NAME)";
			};
			name = Release;
		};
/* End XCBuildConfiguration section */

/* Begin XCConfigurationList section */
		695884A41C249C69008B0709 /* Build configuration list for PBXProject "Class Tracker" */ = {
			isa = XCConfigurationList;
			buildConfigurations = (
				695884B91C249C69008B0709 /* Debug */,
				695884BA1C249C69008B0709 /* Release */,
			);
			defaultConfigurationIsVisible = 0;
			defaultConfigurationName = Release;
		};
		695884BB1C249C69008B0709 /* Build configuration list for PBXNativeTarget "Class Tracker" */ = {
			isa = XCConfigurationList;
			buildConfigurations = (
				695884BC1C249C69008B0709 /* Debug */,
				695884BD1C249C69008B0709 /* Release */,
			);
			defaultConfigurationIsVisible = 0;
		};
/* End XCConfigurationList section */
	};
	rootObject = 695884A11C249C69008B0709 /* Project object */;
}
